
Microsoft Visual Studio Solution File, Format Version 12.00
# Visual Studio Version 17
VisualStudioVersion = 17.8.34408.163
MinimumVisualStudioVersion = 10.0.40219.1
Project("{FAE04EC0-301F-11D3-BF4B-00C04F79EFBC}") = "Sensor Simulator", "Sensor Simulator.csproj", "{B60FC9CD-3C4E-49B4-870F-CD8F92AF0169}"
EndProject
Global
	GlobalSection(SolutionConfigurationPlatforms) = preSolution
		Debug|Any CPU = Debug|Any CPU
		Release|Any CPU = Release|Any CPU
	EndGlobalSection
	GlobalSection(ProjectConfigurationPlatforms) = postSolution
		{B60FC9CD-3C4E-49B4-870F-CD8F92AF0169}.Debug|Any CPU.ActiveCfg = Debug|Any CPU
		{B60FC9CD-3C4E-49B4-870F-CD8F92AF0169}.Debug|Any CPU.Build.0 = Debug|Any CPU
		{B60FC9CD-3C4E-49B4-870F-CD8F92AF0169}.Release|Any CPU.ActiveCfg = Release|Any CPU
		{B60FC9CD-3C4E-49B4-870F-CD8F92AF0169}.Release|Any CPU.Build.0 = Release|Any CPU
	EndGlobalSection
	GlobalSection(SolutionProperties) = preSolution
		HideSolutionNode = FALSE
	EndGlobalSection
	GlobalSection(ExtensibilityGlobals) = postSolution
		SolutionGuid = {A9A2D6BD-634D-4945-A0A9-6C4C03FD012A}
	EndGlobalSection
EndGlobal
